// !$*UTF8*$!
{
	archiveVersion = 1;
	classes = {
	};
	objectVersion = 55;
	objects = {

/* Begin PBXBuildFile section */
		350E13DD2740BF9900645685 /* hackathonApp.swift in Sources */ = {isa = PBXBuildFile; fileRef = 350E13DC2740BF9900645685 /* hackathonApp.swift */; };
		350E13DF2740BF9900645685 /* HomeView.swift in Sources */ = {isa = PBXBuildFile; fileRef = 350E13DE2740BF9900645685 /* HomeView.swift */; };
		350E13E12740BF9B00645685 /* Assets.xcassets in Resources */ = {isa = PBXBuildFile; fileRef = 350E13E02740BF9B00645685 /* Assets.xcassets */; };
		350E13E42740BF9B00645685 /* Preview Assets.xcassets in Resources */ = {isa = PBXBuildFile; fileRef = 350E13E32740BF9B00645685 /* Preview Assets.xcassets */; };
		350E13F32740BF9B00645685 /* hackathonTests.swift in Sources */ = {isa = PBXBuildFile; fileRef = 350E13F22740BF9B00645685 /* hackathonTests.swift */; };
		350E13FD2740BF9B00645685 /* hackathonUITests.swift in Sources */ = {isa = PBXBuildFile; fileRef = 350E13FC2740BF9B00645685 /* hackathonUITests.swift */; };
		350E13FF2740BF9B00645685 /* hackathonUITestsLaunchTests.swift in Sources */ = {isa = PBXBuildFile; fileRef = 350E13FE2740BF9B00645685 /* hackathonUITestsLaunchTests.swift */; };
		354C409627410BD4004C5AD7 /* ViewExtension.swift in Sources */ = {isa = PBXBuildFile; fileRef = 354C409527410BD4004C5AD7 /* ViewExtension.swift */; };
		354C409927410C0E004C5AD7 /* RoundedCorner.swift in Sources */ = {isa = PBXBuildFile; fileRef = 354C409827410C0E004C5AD7 /* RoundedCorner.swift */; };
		354C409B27411476004C5AD7 /* ColorExtension.swift in Sources */ = {isa = PBXBuildFile; fileRef = 354C409A27411476004C5AD7 /* ColorExtension.swift */; };
		354C409F27412700004C5AD7 /* MeetingCard.swift in Sources */ = {isa = PBXBuildFile; fileRef = 354C409E27412700004C5AD7 /* MeetingCard.swift */; };
		354C40A527414068004C5AD7 /* MentoCard.swift in Sources */ = {isa = PBXBuildFile; fileRef = 354C40A427414068004C5AD7 /* MentoCard.swift */; };
		354C40A627414068004C5AD7 /* MentoCard.swift in Sources */ = {isa = PBXBuildFile; fileRef = 354C40A427414068004C5AD7 /* MentoCard.swift */; };
		354C40A727414068004C5AD7 /* MentoCard.swift in Sources */ = {isa = PBXBuildFile; fileRef = 354C40A427414068004C5AD7 /* MentoCard.swift */; };
		354C40A927414087004C5AD7 /* MoreRectangleBar.swift in Sources */ = {isa = PBXBuildFile; fileRef = 354C40A827414087004C5AD7 /* MoreRectangleBar.swift */; };
		354C40AA27414087004C5AD7 /* MoreRectangleBar.swift in Sources */ = {isa = PBXBuildFile; fileRef = 354C40A827414087004C5AD7 /* MoreRectangleBar.swift */; };
		354C40AB27414087004C5AD7 /* MoreRectangleBar.swift in Sources */ = {isa = PBXBuildFile; fileRef = 354C40A827414087004C5AD7 /* MoreRectangleBar.swift */; };
		35B2F5482741EFB600AA5F04 /* MentorRecommendView.swift in Sources */ = {isa = PBXBuildFile; fileRef = 35B2F5472741EFB600AA5F04 /* MentorRecommendView.swift */; };
		35B2F54A2741EFE100AA5F04 /* HotCommunityView.swift in Sources */ = {isa = PBXBuildFile; fileRef = 35B2F5492741EFE100AA5F04 /* HotCommunityView.swift */; };
		35B2F54C2741F00800AA5F04 /* CommunityCard.swift in Sources */ = {isa = PBXBuildFile; fileRef = 35B2F54B2741F00800AA5F04 /* CommunityCard.swift */; };
		35E5CE442740D4FE0075E019 /* MyTabView.swift in Sources */ = {isa = PBXBuildFile; fileRef = 35E5CE432740D4FE0075E019 /* MyTabView.swift */; };
		35E5CE462740D52D0075E019 /* ChatView.swift in Sources */ = {isa = PBXBuildFile; fileRef = 35E5CE452740D52D0075E019 /* ChatView.swift */; };
		35E5CE482740D5490075E019 /* SearchView.swift in Sources */ = {isa = PBXBuildFile; fileRef = 35E5CE472740D5490075E019 /* SearchView.swift */; };
		35E5CE4A2740D5600075E019 /* CommunityView.swift in Sources */ = {isa = PBXBuildFile; fileRef = 35E5CE492740D5600075E019 /* CommunityView.swift */; };
		35E5CE4C2740D57F0075E019 /* MyPageView.swift in Sources */ = {isa = PBXBuildFile; fileRef = 35E5CE4B2740D57F0075E019 /* MyPageView.swift */; };
		B5080F04C0EB6E6CBE0BF3CD /* Pods_hackathonTests.framework in Frameworks */ = {isa = PBXBuildFile; fileRef = D9F3DE496AA1F5A67AB6DED7 /* Pods_hackathonTests.framework */; };
		D8462EC262CDA955D0F38A5A /* Pods_hackathon_hackathonUITests.framework in Frameworks */ = {isa = PBXBuildFile; fileRef = 3C84C0B2D5F2B48E2E06C024 /* Pods_hackathon_hackathonUITests.framework */; };
		E6F062AA5FBED04701A92D63 /* Pods_hackathon.framework in Frameworks */ = {isa = PBXBuildFile; fileRef = 6FD91EB2DF978185D6450929 /* Pods_hackathon.framework */; };
/* End PBXBuildFile section */

/* Begin PBXContainerItemProxy section */
		350E13EF2740BF9B00645685 /* PBXContainerItemProxy */ = {
			isa = PBXContainerItemProxy;
			containerPortal = 350E13D12740BF9900645685 /* Project object */;
			proxyType = 1;
			remoteGlobalIDString = 350E13D82740BF9900645685;
			remoteInfo = hackathon;
		};
		350E13F92740BF9B00645685 /* PBXContainerItemProxy */ = {
			isa = PBXContainerItemProxy;
			containerPortal = 350E13D12740BF9900645685 /* Project object */;
			proxyType = 1;
			remoteGlobalIDString = 350E13D82740BF9900645685;
			remoteInfo = hackathon;
		};
/* End PBXContainerItemProxy section */

/* Begin PBXFileReference section */
		0F6D7BC48D69EEF6EDB51D86 /* Pods-hackathonTests.release.xcconfig */ = {isa = PBXFileReference; includeInIndex = 1; lastKnownFileType = text.xcconfig; name = "Pods-hackathonTests.release.xcconfig"; path = "Target Support Files/Pods-hackathonTests/Pods-hackathonTests.release.xcconfig"; sourceTree = "<group>"; };
		350E13D92740BF9900645685 /* hackathon.app */ = {isa = PBXFileReference; explicitFileType = wrapper.application; includeInIndex = 0; path = hackathon.app; sourceTree = BUILT_PRODUCTS_DIR; };
		350E13DC2740BF9900645685 /* hackathonApp.swift */ = {isa = PBXFileReference; lastKnownFileType = sourcecode.swift; path = hackathonApp.swift; sourceTree = "<group>"; };
		350E13DE2740BF9900645685 /* HomeView.swift */ = {isa = PBXFileReference; lastKnownFileType = sourcecode.swift; path = HomeView.swift; sourceTree = "<group>"; };
		350E13E02740BF9B00645685 /* Assets.xcassets */ = {isa = PBXFileReference; lastKnownFileType = folder.assetcatalog; path = Assets.xcassets; sourceTree = "<group>"; };
		350E13E32740BF9B00645685 /* Preview Assets.xcassets */ = {isa = PBXFileReference; lastKnownFileType = folder.assetcatalog; path = "Preview Assets.xcassets"; sourceTree = "<group>"; };
		350E13EE2740BF9B00645685 /* hackathonTests.xctest */ = {isa = PBXFileReference; explicitFileType = wrapper.cfbundle; includeInIndex = 0; path = hackathonTests.xctest; sourceTree = BUILT_PRODUCTS_DIR; };
		350E13F22740BF9B00645685 /* hackathonTests.swift */ = {isa = PBXFileReference; lastKnownFileType = sourcecode.swift; path = hackathonTests.swift; sourceTree = "<group>"; };
		350E13F82740BF9B00645685 /* hackathonUITests.xctest */ = {isa = PBXFileReference; explicitFileType = wrapper.cfbundle; includeInIndex = 0; path = hackathonUITests.xctest; sourceTree = BUILT_PRODUCTS_DIR; };
		350E13FC2740BF9B00645685 /* hackathonUITests.swift */ = {isa = PBXFileReference; lastKnownFileType = sourcecode.swift; path = hackathonUITests.swift; sourceTree = "<group>"; };
		350E13FE2740BF9B00645685 /* hackathonUITestsLaunchTests.swift */ = {isa = PBXFileReference; lastKnownFileType = sourcecode.swift; path = hackathonUITestsLaunchTests.swift; sourceTree = "<group>"; };
		354C409327410B32004C5AD7 /* ArimaMadurai-Black.ttf */ = {isa = PBXFileReference; lastKnownFileType = file; path = "ArimaMadurai-Black.ttf"; sourceTree = "<group>"; };
		354C409527410BD4004C5AD7 /* ViewExtension.swift */ = {isa = PBXFileReference; lastKnownFileType = sourcecode.swift; path = ViewExtension.swift; sourceTree = "<group>"; };
		354C409827410C0E004C5AD7 /* RoundedCorner.swift */ = {isa = PBXFileReference; lastKnownFileType = sourcecode.swift; path = RoundedCorner.swift; sourceTree = "<group>"; };
		354C409A27411476004C5AD7 /* ColorExtension.swift */ = {isa = PBXFileReference; lastKnownFileType = sourcecode.swift; path = ColorExtension.swift; sourceTree = "<group>"; };
		354C409E27412700004C5AD7 /* MeetingCard.swift */ = {isa = PBXFileReference; lastKnownFileType = sourcecode.swift; path = MeetingCard.swift; sourceTree = "<group>"; };
		354C40A427414068004C5AD7 /* MentoCard.swift */ = {isa = PBXFileReference; lastKnownFileType = sourcecode.swift; path = MentoCard.swift; sourceTree = "<group>"; };
		354C40A827414087004C5AD7 /* MoreRectangleBar.swift */ = {isa = PBXFileReference; lastKnownFileType = sourcecode.swift; path = MoreRectangleBar.swift; sourceTree = "<group>"; };
		35B2F5472741EFB600AA5F04 /* MentorRecommendView.swift */ = {isa = PBXFileReference; lastKnownFileType = sourcecode.swift; path = MentorRecommendView.swift; sourceTree = "<group>"; };
		35B2F5492741EFE100AA5F04 /* HotCommunityView.swift */ = {isa = PBXFileReference; lastKnownFileType = sourcecode.swift; path = HotCommunityView.swift; sourceTree = "<group>"; };
		35B2F54B2741F00800AA5F04 /* CommunityCard.swift */ = {isa = PBXFileReference; lastKnownFileType = sourcecode.swift; path = CommunityCard.swift; sourceTree = "<group>"; };
		35E5CE432740D4FE0075E019 /* MyTabView.swift */ = {isa = PBXFileReference; lastKnownFileType = sourcecode.swift; path = MyTabView.swift; sourceTree = "<group>"; };
		35E5CE452740D52D0075E019 /* ChatView.swift */ = {isa = PBXFileReference; lastKnownFileType = sourcecode.swift; path = ChatView.swift; sourceTree = "<group>"; };
		35E5CE472740D5490075E019 /* SearchView.swift */ = {isa = PBXFileReference; lastKnownFileType = sourcecode.swift; path = SearchView.swift; sourceTree = "<group>"; };
		35E5CE492740D5600075E019 /* CommunityView.swift */ = {isa = PBXFileReference; lastKnownFileType = sourcecode.swift; path = CommunityView.swift; sourceTree = "<group>"; };
		35E5CE4B2740D57F0075E019 /* MyPageView.swift */ = {isa = PBXFileReference; lastKnownFileType = sourcecode.swift; path = MyPageView.swift; sourceTree = "<group>"; };
		35E5CE512740DB4A0075E019 /* Info.plist */ = {isa = PBXFileReference; lastKnownFileType = text.plist.xml; path = Info.plist; sourceTree = "<group>"; };
		35E5CE6F27410AE90075E019 /* Manrope-ExtraBold.ttf */ = {isa = PBXFileReference; lastKnownFileType = file; path = "Manrope-ExtraBold.ttf"; sourceTree = "<group>"; };
		3875800E20B89B59B6146832 /* Pods-hackathon-hackathonUITests.debug.xcconfig */ = {isa = PBXFileReference; includeInIndex = 1; lastKnownFileType = text.xcconfig; name = "Pods-hackathon-hackathonUITests.debug.xcconfig"; path = "Target Support Files/Pods-hackathon-hackathonUITests/Pods-hackathon-hackathonUITests.debug.xcconfig"; sourceTree = "<group>"; };
		3C84C0B2D5F2B48E2E06C024 /* Pods_hackathon_hackathonUITests.framework */ = {isa = PBXFileReference; explicitFileType = wrapper.framework; includeInIndex = 0; path = Pods_hackathon_hackathonUITests.framework; sourceTree = BUILT_PRODUCTS_DIR; };
		6FD91EB2DF978185D6450929 /* Pods_hackathon.framework */ = {isa = PBXFileReference; explicitFileType = wrapper.framework; includeInIndex = 0; path = Pods_hackathon.framework; sourceTree = BUILT_PRODUCTS_DIR; };
		704A7A52D6D5865315425157 /* Pods-hackathon.release.xcconfig */ = {isa = PBXFileReference; includeInIndex = 1; lastKnownFileType = text.xcconfig; name = "Pods-hackathon.release.xcconfig"; path = "Target Support Files/Pods-hackathon/Pods-hackathon.release.xcconfig"; sourceTree = "<group>"; };
		D9F3DE496AA1F5A67AB6DED7 /* Pods_hackathonTests.framework */ = {isa = PBXFileReference; explicitFileType = wrapper.framework; includeInIndex = 0; path = Pods_hackathonTests.framework; sourceTree = BUILT_PRODUCTS_DIR; };
		DC6179F0766470B76BD54A88 /* Pods-hackathon.debug.xcconfig */ = {isa = PBXFileReference; includeInIndex = 1; lastKnownFileType = text.xcconfig; name = "Pods-hackathon.debug.xcconfig"; path = "Target Support Files/Pods-hackathon/Pods-hackathon.debug.xcconfig"; sourceTree = "<group>"; };
		F526D00B22C46C5F91927123 /* Pods-hackathonTests.debug.xcconfig */ = {isa = PBXFileReference; includeInIndex = 1; lastKnownFileType = text.xcconfig; name = "Pods-hackathonTests.debug.xcconfig"; path = "Target Support Files/Pods-hackathonTests/Pods-hackathonTests.debug.xcconfig"; sourceTree = "<group>"; };
		F616DB8CECE22CACF40998DF /* Pods-hackathon-hackathonUITests.release.xcconfig */ = {isa = PBXFileReference; includeInIndex = 1; lastKnownFileType = text.xcconfig; name = "Pods-hackathon-hackathonUITests.release.xcconfig"; path = "Target Support Files/Pods-hackathon-hackathonUITests/Pods-hackathon-hackathonUITests.release.xcconfig"; sourceTree = "<group>"; };
/* End PBXFileReference section */

/* Begin PBXFrameworksBuildPhase section */
		350E13D62740BF9900645685 /* Frameworks */ = {
			isa = PBXFrameworksBuildPhase;
			buildActionMask = 2147483647;
			files = (
				E6F062AA5FBED04701A92D63 /* Pods_hackathon.framework in Frameworks */,
			);
			runOnlyForDeploymentPostprocessing = 0;
		};
		350E13EB2740BF9B00645685 /* Frameworks */ = {
			isa = PBXFrameworksBuildPhase;
			buildActionMask = 2147483647;
			files = (
				B5080F04C0EB6E6CBE0BF3CD /* Pods_hackathonTests.framework in Frameworks */,
			);
			runOnlyForDeploymentPostprocessing = 0;
		};
		350E13F52740BF9B00645685 /* Frameworks */ = {
			isa = PBXFrameworksBuildPhase;
			buildActionMask = 2147483647;
			files = (
				D8462EC262CDA955D0F38A5A /* Pods_hackathon_hackathonUITests.framework in Frameworks */,
			);
			runOnlyForDeploymentPostprocessing = 0;
		};
/* End PBXFrameworksBuildPhase section */

/* Begin PBXGroup section */
		350E13D02740BF9900645685 = {
			isa = PBXGroup;
			children = (
				350E13DB2740BF9900645685 /* hackathon */,
				350E13F12740BF9B00645685 /* hackathonTests */,
				350E13FB2740BF9B00645685 /* hackathonUITests */,
				350E13DA2740BF9900645685 /* Products */,
				9E0C22EAE493B4CF9C8A2405 /* Pods */,
				F53F3C5A688340BC20D6D32C /* Frameworks */,
			);
			sourceTree = "<group>";
		};
		350E13DA2740BF9900645685 /* Products */ = {
			isa = PBXGroup;
			children = (
				350E13D92740BF9900645685 /* hackathon.app */,
				350E13EE2740BF9B00645685 /* hackathonTests.xctest */,
				350E13F82740BF9B00645685 /* hackathonUITests.xctest */,
			);
			name = Products;
			sourceTree = "<group>";
		};
		350E13DB2740BF9900645685 /* hackathon */ = {
			isa = PBXGroup;
			children = (
				350E13DC2740BF9900645685 /* hackathonApp.swift */,
				35E5CE512740DB4A0075E019 /* Info.plist */,
				35E5CE6E27410AE00075E019 /* Assets */,
				354C409427410BBD004C5AD7 /* Extensions */,
				35E5CE1D2740C2EF0075E019 /* Models */,
				35E5CE1E2740C2F60075E019 /* ViewModels */,
				35E5CE1F2740C2FA0075E019 /* Views */,
				350E13E22740BF9B00645685 /* Preview Content */,
			);
			path = hackathon;
			sourceTree = "<group>";
		};
		350E13E22740BF9B00645685 /* Preview Content */ = {
			isa = PBXGroup;
			children = (
				350E13E32740BF9B00645685 /* Preview Assets.xcassets */,
			);
			path = "Preview Content";
			sourceTree = "<group>";
		};
		350E13F12740BF9B00645685 /* hackathonTests */ = {
			isa = PBXGroup;
			children = (
				350E13F22740BF9B00645685 /* hackathonTests.swift */,
			);
			path = hackathonTests;
			sourceTree = "<group>";
		};
		350E13FB2740BF9B00645685 /* hackathonUITests */ = {
			isa = PBXGroup;
			children = (
				350E13FC2740BF9B00645685 /* hackathonUITests.swift */,
				350E13FE2740BF9B00645685 /* hackathonUITestsLaunchTests.swift */,
			);
			path = hackathonUITests;
			sourceTree = "<group>";
		};
		354C409427410BBD004C5AD7 /* Extensions */ = {
			isa = PBXGroup;
			children = (
				354C409527410BD4004C5AD7 /* ViewExtension.swift */,
				354C409A27411476004C5AD7 /* ColorExtension.swift */,
			);
			path = Extensions;
			sourceTree = "<group>";
		};
		354C409727410BF8004C5AD7 /* CustomModels */ = {
			isa = PBXGroup;
			children = (
				354C409827410C0E004C5AD7 /* RoundedCorner.swift */,
			);
			path = CustomModels;
			sourceTree = "<group>";
		};
		354C409C274126E9004C5AD7 /* MainViews */ = {
			isa = PBXGroup;
			children = (
				35B2F5462741EF9700AA5F04 /* HomeView */,
				35E5CE4B2740D57F0075E019 /* MyPageView.swift */,
				35E5CE492740D5600075E019 /* CommunityView.swift */,
				35E5CE472740D5490075E019 /* SearchView.swift */,
				35E5CE432740D4FE0075E019 /* MyTabView.swift */,
				35E5CE452740D52D0075E019 /* ChatView.swift */,
			);
			path = MainViews;
			sourceTree = "<group>";
		};
		354C409D274126F5004C5AD7 /* SubViews */ = {
			isa = PBXGroup;
			children = (
				354C409E27412700004C5AD7 /* MeetingCard.swift */,
				354C40A427414068004C5AD7 /* MentoCard.swift */,
				354C40A827414087004C5AD7 /* MoreRectangleBar.swift */,
				35B2F54B2741F00800AA5F04 /* CommunityCard.swift */,
			);
			path = SubViews;
			sourceTree = "<group>";
		};
		35B2F5462741EF9700AA5F04 /* HomeView */ = {
			isa = PBXGroup;
			children = (
				350E13DE2740BF9900645685 /* HomeView.swift */,
				35B2F5492741EFE100AA5F04 /* HotCommunityView.swift */,
				35B2F5472741EFB600AA5F04 /* MentorRecommendView.swift */,
			);
			path = HomeView;
			sourceTree = "<group>";
		};
		35E5CE1D2740C2EF0075E019 /* Models */ = {
			isa = PBXGroup;
			children = (
				354C409727410BF8004C5AD7 /* CustomModels */,
			);
			path = Models;
			sourceTree = "<group>";
		};
		35E5CE1E2740C2F60075E019 /* ViewModels */ = {
			isa = PBXGroup;
			children = (
			);
			path = ViewModels;
			sourceTree = "<group>";
		};
		35E5CE1F2740C2FA0075E019 /* Views */ = {
			isa = PBXGroup;
			children = (
				354C409D274126F5004C5AD7 /* SubViews */,
				354C409C274126E9004C5AD7 /* MainViews */,
			);
			path = Views;
			sourceTree = "<group>";
		};
		35E5CE6E27410AE00075E019 /* Assets */ = {
			isa = PBXGroup;
			children = (
				350E13E02740BF9B00645685 /* Assets.xcassets */,
				354C409327410B32004C5AD7 /* ArimaMadurai-Black.ttf */,
				35E5CE6F27410AE90075E019 /* Manrope-ExtraBold.ttf */,
			);
			path = Assets;
			sourceTree = "<group>";
		};
		9E0C22EAE493B4CF9C8A2405 /* Pods */ = {
			isa = PBXGroup;
			children = (
				DC6179F0766470B76BD54A88 /* Pods-hackathon.debug.xcconfig */,
				704A7A52D6D5865315425157 /* Pods-hackathon.release.xcconfig */,
				3875800E20B89B59B6146832 /* Pods-hackathon-hackathonUITests.debug.xcconfig */,
				F616DB8CECE22CACF40998DF /* Pods-hackathon-hackathonUITests.release.xcconfig */,
				F526D00B22C46C5F91927123 /* Pods-hackathonTests.debug.xcconfig */,
				0F6D7BC48D69EEF6EDB51D86 /* Pods-hackathonTests.release.xcconfig */,
			);
			path = Pods;
			sourceTree = "<group>";
		};
		F53F3C5A688340BC20D6D32C /* Frameworks */ = {
			isa = PBXGroup;
			children = (
				6FD91EB2DF978185D6450929 /* Pods_hackathon.framework */,
				3C84C0B2D5F2B48E2E06C024 /* Pods_hackathon_hackathonUITests.framework */,
				D9F3DE496AA1F5A67AB6DED7 /* Pods_hackathonTests.framework */,
			);
			name = Frameworks;
			sourceTree = "<group>";
		};
/* End PBXGroup section */

/* Begin PBXNativeTarget section */
		350E13D82740BF9900645685 /* hackathon */ = {
			isa = PBXNativeTarget;
			buildConfigurationList = 350E14022740BF9B00645685 /* Build configuration list for PBXNativeTarget "hackathon" */;
			buildPhases = (
				ED3584DD6D4FB4C191D52721 /* [CP] Check Pods Manifest.lock */,
				350E13D52740BF9900645685 /* Sources */,
				350E13D62740BF9900645685 /* Frameworks */,
				350E13D72740BF9900645685 /* Resources */,
				B5FB92F9651982ABCB4E245E /* [CP] Embed Pods Frameworks */,
			);
			buildRules = (
			);
			dependencies = (
			);
			name = hackathon;
			productName = hackathon;
			productReference = 350E13D92740BF9900645685 /* hackathon.app */;
			productType = "com.apple.product-type.application";
		};
		350E13ED2740BF9B00645685 /* hackathonTests */ = {
			isa = PBXNativeTarget;
			buildConfigurationList = 350E14052740BF9B00645685 /* Build configuration list for PBXNativeTarget "hackathonTests" */;
			buildPhases = (
				86612646F3B759B657D2D064 /* [CP] Check Pods Manifest.lock */,
				350E13EA2740BF9B00645685 /* Sources */,
				350E13EB2740BF9B00645685 /* Frameworks */,
				350E13EC2740BF9B00645685 /* Resources */,
			);
			buildRules = (
			);
			dependencies = (
				350E13F02740BF9B00645685 /* PBXTargetDependency */,
			);
			name = hackathonTests;
			productName = hackathonTests;
			productReference = 350E13EE2740BF9B00645685 /* hackathonTests.xctest */;
			productType = "com.apple.product-type.bundle.unit-test";
		};
		350E13F72740BF9B00645685 /* hackathonUITests */ = {
			isa = PBXNativeTarget;
			buildConfigurationList = 350E14082740BF9B00645685 /* Build configuration list for PBXNativeTarget "hackathonUITests" */;
			buildPhases = (
				35B74A7FBFF26AD67FA717D8 /* [CP] Check Pods Manifest.lock */,
				350E13F42740BF9B00645685 /* Sources */,
				350E13F52740BF9B00645685 /* Frameworks */,
				350E13F62740BF9B00645685 /* Resources */,
				3640C54F7534E8C9452DA8C3 /* [CP] Embed Pods Frameworks */,
			);
			buildRules = (
			);
			dependencies = (
				350E13FA2740BF9B00645685 /* PBXTargetDependency */,
			);
			name = hackathonUITests;
			productName = hackathonUITests;
			productReference = 350E13F82740BF9B00645685 /* hackathonUITests.xctest */;
			productType = "com.apple.product-type.bundle.ui-testing";
		};
/* End PBXNativeTarget section */

/* Begin PBXProject section */
		350E13D12740BF9900645685 /* Project object */ = {
			isa = PBXProject;
			attributes = {
				BuildIndependentTargetsInParallel = 1;
				LastSwiftUpdateCheck = 1310;
				LastUpgradeCheck = 1310;
				TargetAttributes = {
					350E13D82740BF9900645685 = {
						CreatedOnToolsVersion = 13.1;
					};
					350E13ED2740BF9B00645685 = {
						CreatedOnToolsVersion = 13.1;
						TestTargetID = 350E13D82740BF9900645685;
					};
					350E13F72740BF9B00645685 = {
						CreatedOnToolsVersion = 13.1;
						TestTargetID = 350E13D82740BF9900645685;
					};
				};
			};
			buildConfigurationList = 350E13D42740BF9900645685 /* Build configuration list for PBXProject "hackathon" */;
			compatibilityVersion = "Xcode 13.0";
			developmentRegion = en;
			hasScannedForEncodings = 0;
			knownRegions = (
				en,
				Base,
			);
			mainGroup = 350E13D02740BF9900645685;
			productRefGroup = 350E13DA2740BF9900645685 /* Products */;
			projectDirPath = "";
			projectRoot = "";
			targets = (
				350E13D82740BF9900645685 /* hackathon */,
				350E13ED2740BF9B00645685 /* hackathonTests */,
				350E13F72740BF9B00645685 /* hackathonUITests */,
			);
		};
/* End PBXProject section */

/* Begin PBXResourcesBuildPhase section */
		350E13D72740BF9900645685 /* Resources */ = {
			isa = PBXResourcesBuildPhase;
			buildActionMask = 2147483647;
			files = (
				350E13E42740BF9B00645685 /* Preview Assets.xcassets in Resources */,
				350E13E12740BF9B00645685 /* Assets.xcassets in Resources */,
			);
			runOnlyForDeploymentPostprocessing = 0;
		};
		350E13EC2740BF9B00645685 /* Resources */ = {
			isa = PBXResourcesBuildPhase;
			buildActionMask = 2147483647;
			files = (
			);
			runOnlyForDeploymentPostprocessing = 0;
		};
		350E13F62740BF9B00645685 /* Resources */ = {
			isa = PBXResourcesBuildPhase;
			buildActionMask = 2147483647;
			files = (
			);
			runOnlyForDeploymentPostprocessing = 0;
		};
/* End PBXResourcesBuildPhase section */

/* Begin PBXShellScriptBuildPhase section */
		35B74A7FBFF26AD67FA717D8 /* [CP] Check Pods Manifest.lock */ = {
			isa = PBXShellScriptBuildPhase;
			buildActionMask = 2147483647;
			files = (
			);
			inputFileListPaths = (
			);
			inputPaths = (
				"${PODS_PODFILE_DIR_PATH}/Podfile.lock",
				"${PODS_ROOT}/Manifest.lock",
			);
			name = "[CP] Check Pods Manifest.lock";
			outputFileListPaths = (
			);
			outputPaths = (
				"$(DERIVED_FILE_DIR)/Pods-hackathon-hackathonUITests-checkManifestLockResult.txt",
			);
			runOnlyForDeploymentPostprocessing = 0;
			shellPath = /bin/sh;
			shellScript = "diff \"${PODS_PODFILE_DIR_PATH}/Podfile.lock\" \"${PODS_ROOT}/Manifest.lock\" > /dev/null\nif [ $? != 0 ] ; then\n    # print error to STDERR\n    echo \"error: The sandbox is not in sync with the Podfile.lock. Run 'pod install' or update your CocoaPods installation.\" >&2\n    exit 1\nfi\n# This output is used by Xcode 'outputs' to avoid re-running this script phase.\necho \"SUCCESS\" > \"${SCRIPT_OUTPUT_FILE_0}\"\n";
			showEnvVarsInLog = 0;
		};
		3640C54F7534E8C9452DA8C3 /* [CP] Embed Pods Frameworks */ = {
			isa = PBXShellScriptBuildPhase;
			buildActionMask = 2147483647;
			files = (
			);
			inputFileListPaths = (
				"${PODS_ROOT}/Target Support Files/Pods-hackathon-hackathonUITests/Pods-hackathon-hackathonUITests-frameworks-${CONFIGURATION}-input-files.xcfilelist",
			);
			name = "[CP] Embed Pods Frameworks";
			outputFileListPaths = (
				"${PODS_ROOT}/Target Support Files/Pods-hackathon-hackathonUITests/Pods-hackathon-hackathonUITests-frameworks-${CONFIGURATION}-output-files.xcfilelist",
			);
			runOnlyForDeploymentPostprocessing = 0;
			shellPath = /bin/sh;
			shellScript = "\"${PODS_ROOT}/Target Support Files/Pods-hackathon-hackathonUITests/Pods-hackathon-hackathonUITests-frameworks.sh\"\n";
			showEnvVarsInLog = 0;
		};
		86612646F3B759B657D2D064 /* [CP] Check Pods Manifest.lock */ = {
			isa = PBXShellScriptBuildPhase;
			buildActionMask = 2147483647;
			files = (
			);
			inputFileListPaths = (
			);
			inputPaths = (
				"${PODS_PODFILE_DIR_PATH}/Podfile.lock",
				"${PODS_ROOT}/Manifest.lock",
			);
			name = "[CP] Check Pods Manifest.lock";
			outputFileListPaths = (
			);
			outputPaths = (
				"$(DERIVED_FILE_DIR)/Pods-hackathonTests-checkManifestLockResult.txt",
			);
			runOnlyForDeploymentPostprocessing = 0;
			shellPath = /bin/sh;
			shellScript = "diff \"${PODS_PODFILE_DIR_PATH}/Podfile.lock\" \"${PODS_ROOT}/Manifest.lock\" > /dev/null\nif [ $? != 0 ] ; then\n    # print error to STDERR\n    echo \"error: The sandbox is not in sync with the Podfile.lock. Run 'pod install' or update your CocoaPods installation.\" >&2\n    exit 1\nfi\n# This output is used by Xcode 'outputs' to avoid re-running this script phase.\necho \"SUCCESS\" > \"${SCRIPT_OUTPUT_FILE_0}\"\n";
			showEnvVarsInLog = 0;
		};
		B5FB92F9651982ABCB4E245E /* [CP] Embed Pods Frameworks */ = {
			isa = PBXShellScriptBuildPhase;
			buildActionMask = 2147483647;
			files = (
			);
			inputFileListPaths = (
				"${PODS_ROOT}/Target Support Files/Pods-hackathon/Pods-hackathon-frameworks-${CONFIGURATION}-input-files.xcfilelist",
			);
			name = "[CP] Embed Pods Frameworks";
			outputFileListPaths = (
				"${PODS_ROOT}/Target Support Files/Pods-hackathon/Pods-hackathon-frameworks-${CONFIGURATION}-output-files.xcfilelist",
			);
			runOnlyForDeploymentPostprocessing = 0;
			shellPath = /bin/sh;
			shellScript = "\"${PODS_ROOT}/Target Support Files/Pods-hackathon/Pods-hackathon-frameworks.sh\"\n";
			showEnvVarsInLog = 0;
		};
		ED3584DD6D4FB4C191D52721 /* [CP] Check Pods Manifest.lock */ = {
			isa = PBXShellScriptBuildPhase;
			buildActionMask = 2147483647;
			files = (
			);
			inputFileListPaths = (
			);
			inputPaths = (
				"${PODS_PODFILE_DIR_PATH}/Podfile.lock",
				"${PODS_ROOT}/Manifest.lock",
			);
			name = "[CP] Check Pods Manifest.lock";
			outputFileListPaths = (
			);
			outputPaths = (
				"$(DERIVED_FILE_DIR)/Pods-hackathon-checkManifestLockResult.txt",
			);
			runOnlyForDeploymentPostprocessing = 0;
			shellPath = /bin/sh;
			shellScript = "diff \"${PODS_PODFILE_DIR_PATH}/Podfile.lock\" \"${PODS_ROOT}/Manifest.lock\" > /dev/null\nif [ $? != 0 ] ; then\n    # print error to STDERR\n    echo \"error: The sandbox is not in sync with the Podfile.lock. Run 'pod install' or update your CocoaPods installation.\" >&2\n    exit 1\nfi\n# This output is used by Xcode 'outputs' to avoid re-running this script phase.\necho \"SUCCESS\" > \"${SCRIPT_OUTPUT_FILE_0}\"\n";
			showEnvVarsInLog = 0;
		};
/* End PBXShellScriptBuildPhase section */

/* Begin PBXSourcesBuildPhase section */
		350E13D52740BF9900645685 /* Sources */ = {
			isa = PBXSourcesBuildPhase;
			buildActionMask = 2147483647;
			files = (
				354C40A927414087004C5AD7 /* MoreRectangleBar.swift in Sources */,
				35E5CE4C2740D57F0075E019 /* MyPageView.swift in Sources */,
				35B2F5482741EFB600AA5F04 /* MentorRecommendView.swift in Sources */,
				35E5CE482740D5490075E019 /* SearchView.swift in Sources */,
				35E5CE462740D52D0075E019 /* ChatView.swift in Sources */,
				354C40A527414068004C5AD7 /* MentoCard.swift in Sources */,
				354C409927410C0E004C5AD7 /* RoundedCorner.swift in Sources */,
				35E5CE4A2740D5600075E019 /* CommunityView.swift in Sources */,
				350E13DF2740BF9900645685 /* HomeView.swift in Sources */,
				35E5CE442740D4FE0075E019 /* MyTabView.swift in Sources */,
				35B2F54A2741EFE100AA5F04 /* HotCommunityView.swift in Sources */,
				354C409F27412700004C5AD7 /* MeetingCard.swift in Sources */,
				354C409627410BD4004C5AD7 /* ViewExtension.swift in Sources */,
				35B2F54C2741F00800AA5F04 /* CommunityCard.swift in Sources */,
				350E13DD2740BF9900645685 /* hackathonApp.swift in Sources */,
				354C409B27411476004C5AD7 /* ColorExtension.swift in Sources */,
			);
			runOnlyForDeploymentPostprocessing = 0;
		};
		350E13EA2740BF9B00645685 /* Sources */ = {
			isa = PBXSourcesBuildPhase;
			buildActionMask = 2147483647;
			files = (
				354C40AA27414087004C5AD7 /* MoreRectangleBar.swift in Sources */,
				350E13F32740BF9B00645685 /* hackathonTests.swift in Sources */,
				354C40A627414068004C5AD7 /* MentoCard.swift in Sources */,
			);
			runOnlyForDeploymentPostprocessing = 0;
		};
		350E13F42740BF9B00645685 /* Sources */ = {
			isa = PBXSourcesBuildPhase;
			buildActionMask = 2147483647;
			files = (
				354C40A727414068004C5AD7 /* MentoCard.swift in Sources */,
				350E13FF2740BF9B00645685 /* hackathonUITestsLaunchTests.swift in Sources */,
				354C40AB27414087004C5AD7 /* MoreRectangleBar.swift in Sources */,
				350E13FD2740BF9B00645685 /* hackathonUITests.swift in Sources */,
			);
			runOnlyForDeploymentPostprocessing = 0;
		};
/* End PBXSourcesBuildPhase section */

/* Begin PBXTargetDependency section */
		350E13F02740BF9B00645685 /* PBXTargetDependency */ = {
			isa = PBXTargetDependency;
			target = 350E13D82740BF9900645685 /* hackathon */;
			targetProxy = 350E13EF2740BF9B00645685 /* PBXContainerItemProxy */;
		};
		350E13FA2740BF9B00645685 /* PBXTargetDependency */ = {
			isa = PBXTargetDependency;
			target = 350E13D82740BF9900645685 /* hackathon */;
			targetProxy = 350E13F92740BF9B00645685 /* PBXContainerItemProxy */;
		};
/* End PBXTargetDependency section */

/* Begin XCBuildConfiguration section */
		350E14002740BF9B00645685 /* Debug */ = {
			isa = XCBuildConfiguration;
			buildSettings = {
				ALWAYS_SEARCH_USER_PATHS = NO;
				CLANG_ANALYZER_NONNULL = YES;
				CLANG_ANALYZER_NUMBER_OBJECT_CONVERSION = YES_AGGRESSIVE;
				CLANG_CXX_LANGUAGE_STANDARD = "gnu++17";
				CLANG_CXX_LIBRARY = "libc++";
				CLANG_ENABLE_MODULES = YES;
				CLANG_ENABLE_OBJC_ARC = YES;
				CLANG_ENABLE_OBJC_WEAK = YES;
				CLANG_WARN_BLOCK_CAPTURE_AUTORELEASING = YES;
				CLANG_WARN_BOOL_CONVERSION = YES;
				CLANG_WARN_COMMA = YES;
				CLANG_WARN_CONSTANT_CONVERSION = YES;
				CLANG_WARN_DEPRECATED_OBJC_IMPLEMENTATIONS = YES;
				CLANG_WARN_DIRECT_OBJC_ISA_USAGE = YES_ERROR;
				CLANG_WARN_DOCUMENTATION_COMMENTS = YES;
				CLANG_WARN_EMPTY_BODY = YES;
				CLANG_WARN_ENUM_CONVERSION = YES;
				CLANG_WARN_INFINITE_RECURSION = YES;
				CLANG_WARN_INT_CONVERSION = YES;
				CLANG_WARN_NON_LITERAL_NULL_CONVERSION = YES;
				CLANG_WARN_OBJC_IMPLICIT_RETAIN_SELF = YES;
				CLANG_WARN_OBJC_LITERAL_CONVERSION = YES;
				CLANG_WARN_OBJC_ROOT_CLASS = YES_ERROR;
				CLANG_WARN_QUOTED_INCLUDE_IN_FRAMEWORK_HEADER = YES;
				CLANG_WARN_RANGE_LOOP_ANALYSIS = YES;
				CLANG_WARN_STRICT_PROTOTYPES = YES;
				CLANG_WARN_SUSPICIOUS_MOVE = YES;
				CLANG_WARN_UNGUARDED_AVAILABILITY = YES_AGGRESSIVE;
				CLANG_WARN_UNREACHABLE_CODE = YES;
				CLANG_WARN__DUPLICATE_METHOD_MATCH = YES;
				COPY_PHASE_STRIP = NO;
				DEBUG_INFORMATION_FORMAT = dwarf;
				ENABLE_STRICT_OBJC_MSGSEND = YES;
				ENABLE_TESTABILITY = YES;
				GCC_C_LANGUAGE_STANDARD = gnu11;
				GCC_DYNAMIC_NO_PIC = NO;
				GCC_NO_COMMON_BLOCKS = YES;
				GCC_OPTIMIZATION_LEVEL = 0;
				GCC_PREPROCESSOR_DEFINITIONS = (
					"DEBUG=1",
					"$(inherited)",
				);
				GCC_WARN_64_TO_32_BIT_CONVERSION = YES;
				GCC_WARN_ABOUT_RETURN_TYPE = YES_ERROR;
				GCC_WARN_UNDECLARED_SELECTOR = YES;
				GCC_WARN_UNINITIALIZED_AUTOS = YES_AGGRESSIVE;
				GCC_WARN_UNUSED_FUNCTION = YES;
				GCC_WARN_UNUSED_VARIABLE = YES;
				IPHONEOS_DEPLOYMENT_TARGET = 15.0;
				MTL_ENABLE_DEBUG_INFO = INCLUDE_SOURCE;
				MTL_FAST_MATH = YES;
				ONLY_ACTIVE_ARCH = YES;
				SDKROOT = iphoneos;
				SWIFT_ACTIVE_COMPILATION_CONDITIONS = DEBUG;
				SWIFT_OPTIMIZATION_LEVEL = "-Onone";
			};
			name = Debug;
		};
		350E14012740BF9B00645685 /* Release */ = {
			isa = XCBuildConfiguration;
			buildSettings = {
				ALWAYS_SEARCH_USER_PATHS = NO;
				CLANG_ANALYZER_NONNULL = YES;
				CLANG_ANALYZER_NUMBER_OBJECT_CONVERSION = YES_AGGRESSIVE;
				CLANG_CXX_LANGUAGE_STANDARD = "gnu++17";
				CLANG_CXX_LIBRARY = "libc++";
				CLANG_ENABLE_MODULES = YES;
				CLANG_ENABLE_OBJC_ARC = YES;
				CLANG_ENABLE_OBJC_WEAK = YES;
				CLANG_WARN_BLOCK_CAPTURE_AUTORELEASING = YES;
				CLANG_WARN_BOOL_CONVERSION = YES;
				CLANG_WARN_COMMA = YES;
				CLANG_WARN_CONSTANT_CONVERSION = YES;
				CLANG_WARN_DEPRECATED_OBJC_IMPLEMENTATIONS = YES;
				CLANG_WARN_DIRECT_OBJC_ISA_USAGE = YES_ERROR;
				CLANG_WARN_DOCUMENTATION_COMMENTS = YES;
				CLANG_WARN_EMPTY_BODY = YES;
				CLANG_WARN_ENUM_CONVERSION = YES;
				CLANG_WARN_INFINITE_RECURSION = YES;
				CLANG_WARN_INT_CONVERSION = YES;
				CLANG_WARN_NON_LITERAL_NULL_CONVERSION = YES;
				CLANG_WARN_OBJC_IMPLICIT_RETAIN_SELF = YES;
				CLANG_WARN_OBJC_LITERAL_CONVERSION = YES;
				CLANG_WARN_OBJC_ROOT_CLASS = YES_ERROR;
				CLANG_WARN_QUOTED_INCLUDE_IN_FRAMEWORK_HEADER = YES;
				CLANG_WARN_RANGE_LOOP_ANALYSIS = YES;
				CLANG_WARN_STRICT_PROTOTYPES = YES;
				CLANG_WARN_SUSPICIOUS_MOVE = YES;
				CLANG_WARN_UNGUARDED_AVAILABILITY = YES_AGGRESSIVE;
				CLANG_WARN_UNREACHABLE_CODE = YES;
				CLANG_WARN__DUPLICATE_METHOD_MATCH = YES;
				COPY_PHASE_STRIP = NO;
				DEBUG_INFORMATION_FORMAT = "dwarf-with-dsym";
				ENABLE_NS_ASSERTIONS = NO;
				ENABLE_STRICT_OBJC_MSGSEND = YES;
				GCC_C_LANGUAGE_STANDARD = gnu11;
				GCC_NO_COMMON_BLOCKS = YES;
				GCC_WARN_64_TO_32_BIT_CONVERSION = YES;
				GCC_WARN_ABOUT_RETURN_TYPE = YES_ERROR;
				GCC_WARN_UNDECLARED_SELECTOR = YES;
				GCC_WARN_UNINITIALIZED_AUTOS = YES_AGGRESSIVE;
				GCC_WARN_UNUSED_FUNCTION = YES;
				GCC_WARN_UNUSED_VARIABLE = YES;
				IPHONEOS_DEPLOYMENT_TARGET = 15.0;
				MTL_ENABLE_DEBUG_INFO = NO;
				MTL_FAST_MATH = YES;
				SDKROOT = iphoneos;
				SWIFT_COMPILATION_MODE = wholemodule;
				SWIFT_OPTIMIZATION_LEVEL = "-O";
				VALIDATE_PRODUCT = YES;
			};
			name = Release;
		};
		350E14032740BF9B00645685 /* Debug */ = {
			isa = XCBuildConfiguration;
			baseConfigurationReference = DC6179F0766470B76BD54A88 /* Pods-hackathon.debug.xcconfig */;
			buildSettings = {
				ASSETCATALOG_COMPILER_APPICON_NAME = AppIcon;
				ASSETCATALOG_COMPILER_GLOBAL_ACCENT_COLOR_NAME = AccentColor;
				CODE_SIGN_STYLE = Automatic;
				CURRENT_PROJECT_VERSION = 1;
				DEVELOPMENT_ASSET_PATHS = "\"hackathon/Preview Content\"";
				DEVELOPMENT_TEAM = XJU34KVARY;
				ENABLE_PREVIEWS = YES;
				GENERATE_INFOPLIST_FILE = YES;
				INFOPLIST_FILE = hackathon/Info.plist;
				INFOPLIST_KEY_LSApplicationCategoryType = "";
				INFOPLIST_KEY_UIApplicationSceneManifest_Generation = YES;
				INFOPLIST_KEY_UIApplicationSupportsIndirectInputEvents = YES;
				INFOPLIST_KEY_UILaunchScreen_Generation = YES;
				INFOPLIST_KEY_UISupportedInterfaceOrientations_iPad = "UIInterfaceOrientationPortrait UIInterfaceOrientationPortraitUpsideDown UIInterfaceOrientationLandscapeLeft UIInterfaceOrientationLandscapeRight";
				INFOPLIST_KEY_UISupportedInterfaceOrientations_iPhone = "UIInterfaceOrientationPortrait UIInterfaceOrientationLandscapeLeft UIInterfaceOrientationLandscapeRight";
				LD_RUNPATH_SEARCH_PATHS = (
					"$(inherited)",
					"@executable_path/Frameworks",
				);
				MARKETING_VERSION = 1.0;
				PRODUCT_BUNDLE_IDENTIFIER = com.jinseok.hackathon;
				PRODUCT_NAME = "$(TARGET_NAME)";
				SWIFT_EMIT_LOC_STRINGS = YES;
				SWIFT_VERSION = 5.0;
				TARGETED_DEVICE_FAMILY = "1,2";
			};
			name = Debug;
		};
		350E14042740BF9B00645685 /* Release */ = {
			isa = XCBuildConfiguration;
			baseConfigurationReference = 704A7A52D6D5865315425157 /* Pods-hackathon.release.xcconfig */;
			buildSettings = {
				ASSETCATALOG_COMPILER_APPICON_NAME = AppIcon;
				ASSETCATALOG_COMPILER_GLOBAL_ACCENT_COLOR_NAME = AccentColor;
				CODE_SIGN_STYLE = Automatic;
				CURRENT_PROJECT_VERSION = 1;
				DEVELOPMENT_ASSET_PATHS = "\"hackathon/Preview Content\"";
				DEVELOPMENT_TEAM = XJU34KVARY;
				ENABLE_PREVIEWS = YES;
				GENERATE_INFOPLIST_FILE = YES;
				INFOPLIST_FILE = hackathon/Info.plist;
				INFOPLIST_KEY_LSApplicationCategoryType = "";
				INFOPLIST_KEY_UIApplicationSceneManifest_Generation = YES;
				INFOPLIST_KEY_UIApplicationSupportsIndirectInputEvents = YES;
				INFOPLIST_KEY_UILaunchScreen_Generation = YES;
				INFOPLIST_KEY_UISupportedInterfaceOrientations_iPad = "UIInterfaceOrientationPortrait UIInterfaceOrientationPortraitUpsideDown UIInterfaceOrientationLandscapeLeft UIInterfaceOrientationLandscapeRight";
				INFOPLIST_KEY_UISupportedInterfaceOrientations_iPhone = "UIInterfaceOrientationPortrait UIInterfaceOrientationLandscapeLeft UIInterfaceOrientationLandscapeRight";
				LD_RUNPATH_SEARCH_PATHS = (
					"$(inherited)",
					"@executable_path/Frameworks",
				);
				MARKETING_VERSION = 1.0;
				PRODUCT_BUNDLE_IDENTIFIER = com.jinseok.hackathon;
				PRODUCT_NAME = "$(TARGET_NAME)";
				SWIFT_EMIT_LOC_STRINGS = YES;
				SWIFT_VERSION = 5.0;
				TARGETED_DEVICE_FAMILY = "1,2";
			};
			name = Release;
		};
		350E14062740BF9B00645685 /* Debug */ = {
			isa = XCBuildConfiguration;
			baseConfigurationReference = F526D00B22C46C5F91927123 /* Pods-hackathonTests.debug.xcconfig */;
			buildSettings = {
				ALWAYS_EMBED_SWIFT_STANDARD_LIBRARIES = YES;
				BUNDLE_LOADER = "$(TEST_HOST)";
				CODE_SIGN_STYLE = Automatic;
				CURRENT_PROJECT_VERSION = 1;
				DEVELOPMENT_TEAM = XJU34KVARY;
				GENERATE_INFOPLIST_FILE = YES;
				IPHONEOS_DEPLOYMENT_TARGET = 15.0;
				LD_RUNPATH_SEARCH_PATHS = (
					"$(inherited)",
					"@executable_path/Frameworks",
					"@loader_path/Frameworks",
				);
				MARKETING_VERSION = 1.0;
				PRODUCT_BUNDLE_IDENTIFIER = com.jinseok.hackathonTests;
				PRODUCT_NAME = "$(TARGET_NAME)";
				SWIFT_EMIT_LOC_STRINGS = NO;
				SWIFT_VERSION = 5.0;
				TARGETED_DEVICE_FAMILY = "1,2";
				TEST_HOST = "$(BUILT_PRODUCTS_DIR)/hackathon.app/hackathon";
			};
			name = Debug;
		};
		350E14072740BF9B00645685 /* Release */ = {
			isa = XCBuildConfiguration;
			baseConfigurationReference = 0F6D7BC48D69EEF6EDB51D86 /* Pods-hackathonTests.release.xcconfig */;
			buildSettings = {
				ALWAYS_EMBED_SWIFT_STANDARD_LIBRARIES = YES;
				BUNDLE_LOADER = "$(TEST_HOST)";
				CODE_SIGN_STYLE = Automatic;
				CURRENT_PROJECT_VERSION = 1;
				DEVELOPMENT_TEAM = XJU34KVARY;
				GENERATE_INFOPLIST_FILE = YES;
				IPHONEOS_DEPLOYMENT_TARGET = 15.0;
				LD_RUNPATH_SEARCH_PATHS = (
					"$(inherited)",
					"@executable_path/Frameworks",
					"@loader_path/Frameworks",
				);
				MARKETING_VERSION = 1.0;
				PRODUCT_BUNDLE_IDENTIFIER = com.jinseok.hackathonTests;
				PRODUCT_NAME = "$(TARGET_NAME)";
				SWIFT_EMIT_LOC_STRINGS = NO;
				SWIFT_VERSION = 5.0;
				TARGETED_DEVICE_FAMILY = "1,2";
				TEST_HOST = "$(BUILT_PRODUCTS_DIR)/hackathon.app/hackathon";
			};
			name = Release;
		};
		350E14092740BF9B00645685 /* Debug */ = {
			isa = XCBuildConfiguration;
			baseConfigurationReference = 3875800E20B89B59B6146832 /* Pods-hackathon-hackathonUITests.debug.xcconfig */;
			buildSettings = {
				ALWAYS_EMBED_SWIFT_STANDARD_LIBRARIES = YES;
				CODE_SIGN_STYLE = Automatic;
				CURRENT_PROJECT_VERSION = 1;
				DEVELOPMENT_TEAM = XJU34KVARY;
				GENERATE_INFOPLIST_FILE = YES;
				LD_RUNPATH_SEARCH_PATHS = (
					"$(inherited)",
					"@executable_path/Frameworks",
					"@loader_path/Frameworks",
				);
				MARKETING_VERSION = 1.0;
				PRODUCT_BUNDLE_IDENTIFIER = com.jinseok.hackathonUITests;
				PRODUCT_NAME = "$(TARGET_NAME)";
				SWIFT_EMIT_LOC_STRINGS = NO;
				SWIFT_VERSION = 5.0;
				TARGETED_DEVICE_FAMILY = "1,2";
				TEST_TARGET_NAME = hackathon;
			};
			name = Debug;
		};
		350E140A2740BF9B00645685 /* Release */ = {
			isa = XCBuildConfiguration;
			baseConfigurationReference = F616DB8CECE22CACF40998DF /* Pods-hackathon-hackathonUITests.release.xcconfig */;
			buildSettings = {
				ALWAYS_EMBED_SWIFT_STANDARD_LIBRARIES = YES;
				CODE_SIGN_STYLE = Automatic;
				CURRENT_PROJECT_VERSION = 1;
				DEVELOPMENT_TEAM = XJU34KVARY;
				GENERATE_INFOPLIST_FILE = YES;
				LD_RUNPATH_SEARCH_PATHS = (
					"$(inherited)",
					"@executable_path/Frameworks",
					"@loader_path/Frameworks",
				);
				MARKETING_VERSION = 1.0;
				PRODUCT_BUNDLE_IDENTIFIER = com.jinseok.hackathonUITests;
				PRODUCT_NAME = "$(TARGET_NAME)";
				SWIFT_EMIT_LOC_STRINGS = NO;
				SWIFT_VERSION = 5.0;
				TARGETED_DEVICE_FAMILY = "1,2";
				TEST_TARGET_NAME = hackathon;
			};
			name = Release;
		};
/* End XCBuildConfiguration section */

/* Begin XCConfigurationList section */
		350E13D42740BF9900645685 /* Build configuration list for PBXProject "hackathon" */ = {
			isa = XCConfigurationList;
			buildConfigurations = (
				350E14002740BF9B00645685 /* Debug */,
				350E14012740BF9B00645685 /* Release */,
			);
			defaultConfigurationIsVisible = 0;
			defaultConfigurationName = Release;
		};
		350E14022740BF9B00645685 /* Build configuration list for PBXNativeTarget "hackathon" */ = {
			isa = XCConfigurationList;
			buildConfigurations = (
				350E14032740BF9B00645685 /* Debug */,
				350E14042740BF9B00645685 /* Release */,
			);
			defaultConfigurationIsVisible = 0;
			defaultConfigurationName = Release;
		};
		350E14052740BF9B00645685 /* Build configuration list for PBXNativeTarget "hackathonTests" */ = {
			isa = XCConfigurationList;
			buildConfigurations = (
				350E14062740BF9B00645685 /* Debug */,
				350E14072740BF9B00645685 /* Release */,
			);
			defaultConfigurationIsVisible = 0;
			defaultConfigurationName = Release;
		};
		350E14082740BF9B00645685 /* Build configuration list for PBXNativeTarget "hackathonUITests" */ = {
			isa = XCConfigurationList;
			buildConfigurations = (
				350E14092740BF9B00645685 /* Debug */,
				350E140A2740BF9B00645685 /* Release */,
			);
			defaultConfigurationIsVisible = 0;
			defaultConfigurationName = Release;
		};
/* End XCConfigurationList section */
	};
	rootObject = 350E13D12740BF9900645685 /* Project object */;
}
